
Microsoft Visual Studio Solution File, Format Version 12.00
# Visual Studio Version 16
VisualStudioVersion = 16.0.809.8
MinimumVisualStudioVersion = 10.0.40219.1
Project("{FAE04EC0-301F-11D3-BF4B-00C04F79EFBC}") = "GroceryStoreAPI", "GroceryStoreAPI\GroceryStoreAPI.csproj", "{394CC05F-358A-4CBC-89A6-C7367F64877B}"
EndProject
Global
	GlobalSection(SolutionConfigurationPlatforms) = preSolution
		Debug|Any CPU = Debug|Any CPU
		Release|Any CPU = Release|Any CPU
	EndGlobalSection
	GlobalSection(ProjectConfigurationPlatforms) = postSolution
		{394CC05F-358A-4CBC-89A6-C7367F64877B}.Debug|Any CPU.ActiveCfg = Debug|Any CPU
		{394CC05F-358A-4CBC-89A6-C7367F64877B}.Debug|Any CPU.Build.0 = Debug|Any CPU
		{394CC05F-358A-4CBC-89A6-C7367F64877B}.Release|Any CPU.ActiveCfg = Release|Any CPU
		{394CC05F-358A-4CBC-89A6-C7367F64877B}.Release|Any CPU.Build.0 = Release|Any CPU
	EndGlobalSection
	GlobalSection(SolutionProperties) = preSolution
		HideSolutionNode = FALSE
	EndGlobalSection
	GlobalSection(ExtensibilityGlobals) = postSolution
		SolutionGuid = {97A0AEC7-AAA3-4262-A4E0-66608ECCDCD8}
	EndGlobalSection
EndGlobal
